
Microsoft Visual Studio Solution File, Format Version 12.00
# Visual Studio Version 17
VisualStudioVersion = 17.5.002.0
MinimumVisualStudioVersion = 10.0.40219.1
Project("{2150E333-8FDC-42A3-9474-1A3956D46DE8}") = "csharp-prep", "csharp-prep", "{BB97E12D-673D-4958-83B5-7ECE48FE45A4}"
EndProject
Project("{9A19103F-16F7-4668-BE54-9A1E7A4F7556}") = "Prep1", "csharp-prep\Prep1\Prep1.csproj", "{6C5D6405-03CF-4089-A027-6631A3CACAD7}"
EndProject
Project("{9A19103F-16F7-4668-BE54-9A1E7A4F7556}") = "Prep2", "csharp-prep\Prep2\Prep2.csproj", "{B085D7BD-E2B8-42E1-8CFB-E3D96A86F9F6}"
EndProject
Project("{9A19103F-16F7-4668-BE54-9A1E7A4F7556}") = "Prep3", "csharp-prep\Prep3\Prep3.csproj", "{68A8D7C2-70F1-4FDC-ACCC-100335E5CECA}"
EndProject
Project("{9A19103F-16F7-4668-BE54-9A1E7A4F7556}") = "Prep4", "csharp-prep\Prep4\Prep4.csproj", "{D93A773F-4F07-4568-98CD-6AD33B6AA8A8}"
EndProject
Project("{9A19103F-16F7-4668-BE54-9A1E7A4F7556}") = "Prep5", "csharp-prep\Prep5\Prep5.csproj", "{047C37E8-EE0E-4A2E-B910-275433CE2316}"
EndProject
Project("{2150E333-8FDC-42A3-9474-1A3956D46DE8}") = "final", "final", "{4ABD9915-DADC-4FBF-AD29-E6AB8BEA553F}"
EndProject
Project("{9A19103F-16F7-4668-BE54-9A1E7A4F7556}") = "FinalProject", "final\FinalProject\FinalProject.csproj", "{1C965DCD-3404-4515-9250-3F2B74FB52D1}"
EndProject
Project("{9A19103F-16F7-4668-BE54-9A1E7A4F7556}") = "Foundation1", "final\Foundation1\Foundation1.csproj", "{354547AF-A239-4917-92AC-F4572863684A}"
EndProject
Project("{9A19103F-16F7-4668-BE54-9A1E7A4F7556}") = "Foundation2", "final\Foundation2\Foundation2.csproj", "{7AB7F639-919D-4372-9B58-4714C0CC5E91}"
EndProject
Project("{9A19103F-16F7-4668-BE54-9A1E7A4F7556}") = "Foundation3", "final\Foundation3\Foundation3.csproj", "{22209C0A-D633-46F5-BE8C-9E3F10760D9A}"
EndProject
Project("{9A19103F-16F7-4668-BE54-9A1E7A4F7556}") = "Foundation4", "final\Foundation4\Foundation4.csproj", "{B57C05BF-9E1B-4AEF-B30C-4AC40C613924}"
EndProject
Project("{2150E333-8FDC-42A3-9474-1A3956D46DE8}") = "prepare", "prepare", "{0B042EFD-C2C9-40A0-B777-8BC28B2AE397}"
EndProject
Project("{9A19103F-16F7-4668-BE54-9A1E7A4F7556}") = "Learning02", "prepare\Learning02\Learning02.csproj", "{F6828A33-0AB0-419E-BF91-DBD603281A20}"
EndProject
Project("{9A19103F-16F7-4668-BE54-9A1E7A4F7556}") = "Learning03", "prepare\Learning03\Learning03.csproj", "{CB4EDEBE-173E-4A72-B9B0-02133D8F630D}"
EndProject
Project("{9A19103F-16F7-4668-BE54-9A1E7A4F7556}") = "Learning04", "prepare\Learning04\Learning04.csproj", "{82B95C77-CBE1-47F1-85CF-C83D85EB3D49}"
EndProject
Project("{9A19103F-16F7-4668-BE54-9A1E7A4F7556}") = "Learning05", "prepare\Learning05\Learning05.csproj", "{43778A9D-D681-4ABD-AB72-B120BDDDFD4F}"
EndProject
Project("{2150E333-8FDC-42A3-9474-1A3956D46DE8}") = "prove", "prove", "{C0D90EB6-E5F3-41A2-A270-D65B6C1B45AE}"
EndProject
Project("{9A19103F-16F7-4668-BE54-9A1E7A4F7556}") = "Develop02", "prove\Develop02\Develop02.csproj", "{AC98935A-A668-4E7C-AD40-87385E029F3A}"
EndProject
Project("{9A19103F-16F7-4668-BE54-9A1E7A4F7556}") = "Develop03", "prove\Develop03\Develop03.csproj", "{FBB94847-2682-46D2-A506-38AF64120E77}"
EndProject
Project("{9A19103F-16F7-4668-BE54-9A1E7A4F7556}") = "Develop04", "prove\Develop04\Develop04.csproj", "{B8319774-E50D-43FA-9A15-C7C6AB24A74E}"
EndProject
Project("{9A19103F-16F7-4668-BE54-9A1E7A4F7556}") = "Develop05", "prove\Develop05\Develop05.csproj", "{B74F0F45-70EC-41A7-8F23-2D03819E1F4C}"
EndProject
Project("{2150E333-8FDC-42A3-9474-1A3956D46DE8}") = "sandbox", "sandbox", "{8527BE05-D409-4441-A402-A1FA535E0DCF}"
EndProject
Project("{9A19103F-16F7-4668-BE54-9A1E7A4F7556}") = "Sandbox", "sandbox\Sandbox\Sandbox.csproj", "{B3A9789D-A394-490C-A5D1-0F345E75A8EC}"
EndProject
Global
	GlobalSection(SolutionConfigurationPlatforms) = preSolution
		Debug|Any CPU = Debug|Any CPU
		Release|Any CPU = Release|Any CPU
	EndGlobalSection
	GlobalSection(ProjectConfigurationPlatforms) = postSolution
		{6C5D6405-03CF-4089-A027-6631A3CACAD7}.Debug|Any CPU.ActiveCfg = Debug|Any CPU
		{6C5D6405-03CF-4089-A027-6631A3CACAD7}.Debug|Any CPU.Build.0 = Debug|Any CPU
		{6C5D6405-03CF-4089-A027-6631A3CACAD7}.Release|Any CPU.ActiveCfg = Release|Any CPU
		{6C5D6405-03CF-4089-A027-6631A3CACAD7}.Release|Any CPU.Build.0 = Release|Any CPU
		{B085D7BD-E2B8-42E1-8CFB-E3D96A86F9F6}.Debug|Any CPU.ActiveCfg = Debug|Any CPU
		{B085D7BD-E2B8-42E1-8CFB-E3D96A86F9F6}.Debug|Any CPU.Build.0 = Debug|Any CPU
		{B085D7BD-E2B8-42E1-8CFB-E3D96A86F9F6}.Release|Any CPU.ActiveCfg = Release|Any CPU
		{B085D7BD-E2B8-42E1-8CFB-E3D96A86F9F6}.Release|Any CPU.Build.0 = Release|Any CPU
		{68A8D7C2-70F1-4FDC-ACCC-100335E5CECA}.Debug|Any CPU.ActiveCfg = Debug|Any CPU
		{68A8D7C2-70F1-4FDC-ACCC-100335E5CECA}.Debug|Any CPU.Build.0 = Debug|Any CPU
		{68A8D7C2-70F1-4FDC-ACCC-100335E5CECA}.Release|Any CPU.ActiveCfg = Release|Any CPU
		{68A8D7C2-70F1-4FDC-ACCC-100335E5CECA}.Release|Any CPU.Build.0 = Release|Any CPU
		{D93A773F-4F07-4568-98CD-6AD33B6AA8A8}.Debug|Any CPU.ActiveCfg = Debug|Any CPU
		{D93A773F-4F07-4568-98CD-6AD33B6AA8A8}.Debug|Any CPU.Build.0 = Debug|Any CPU
		{D93A773F-4F07-4568-98CD-6AD33B6AA8A8}.Release|Any CPU.ActiveCfg = Release|Any CPU
		{D93A773F-4F07-4568-98CD-6AD33B6AA8A8}.Release|Any CPU.Build.0 = Release|Any CPU
		{047C37E8-EE0E-4A2E-B910-275433CE2316}.Debug|Any CPU.ActiveCfg = Debug|Any CPU
		{047C37E8-EE0E-4A2E-B910-275433CE2316}.Debug|Any CPU.Build.0 = Debug|Any CPU
		{047C37E8-EE0E-4A2E-B910-275433CE2316}.Release|Any CPU.ActiveCfg = Release|Any CPU
		{047C37E8-EE0E-4A2E-B910-275433CE2316}.Release|Any CPU.Build.0 = Release|Any CPU
		{1C965DCD-3404-4515-9250-3F2B74FB52D1}.Debug|Any CPU.ActiveCfg = Debug|Any CPU
		{1C965DCD-3404-4515-9250-3F2B74FB52D1}.Debug|Any CPU.Build.0 = Debug|Any CPU
		{1C965DCD-3404-4515-9250-3F2B74FB52D1}.Release|Any CPU.ActiveCfg = Release|Any CPU
		{1C965DCD-3404-4515-9250-3F2B74FB52D1}.Release|Any CPU.Build.0 = Release|Any CPU
		{354547AF-A239-4917-92AC-F4572863684A}.Debug|Any CPU.ActiveCfg = Debug|Any CPU
		{354547AF-A239-4917-92AC-F4572863684A}.Debug|Any CPU.Build.0 = Debug|Any CPU
		{354547AF-A239-4917-92AC-F4572863684A}.Release|Any CPU.ActiveCfg = Release|Any CPU
		{354547AF-A239-4917-92AC-F4572863684A}.Release|Any CPU.Build.0 = Release|Any CPU
		{7AB7F639-919D-4372-9B58-4714C0CC5E91}.Debug|Any CPU.ActiveCfg = Debug|Any CPU
		{7AB7F639-919D-4372-9B58-4714C0CC5E91}.Debug|Any CPU.Build.0 = Debug|Any CPU
		{7AB7F639-919D-4372-9B58-4714C0CC5E91}.Release|Any CPU.ActiveCfg = Release|Any CPU
		{7AB7F639-919D-4372-9B58-4714C0CC5E91}.Release|Any CPU.Build.0 = Release|Any CPU
		{22209C0A-D633-46F5-BE8C-9E3F10760D9A}.Debug|Any CPU.ActiveCfg = Debug|Any CPU
		{22209C0A-D633-46F5-BE8C-9E3F10760D9A}.Debug|Any CPU.Build.0 = Debug|Any CPU
		{22209C0A-D633-46F5-BE8C-9E3F10760D9A}.Release|Any CPU.ActiveCfg = Release|Any CPU
		{22209C0A-D633-46F5-BE8C-9E3F10760D9A}.Release|Any CPU.Build.0 = Release|Any CPU
		{B57C05BF-9E1B-4AEF-B30C-4AC40C613924}.Debug|Any CPU.ActiveCfg = Debug|Any CPU
		{B57C05BF-9E1B-4AEF-B30C-4AC40C613924}.Debug|Any CPU.Build.0 = Debug|Any CPU
		{B57C05BF-9E1B-4AEF-B30C-4AC40C613924}.Release|Any CPU.ActiveCfg = Release|Any CPU
		{B57C05BF-9E1B-4AEF-B30C-4AC40C613924}.Release|Any CPU.Build.0 = Release|Any CPU
		{F6828A33-0AB0-419E-BF91-DBD603281A20}.Debug|Any CPU.ActiveCfg = Debug|Any CPU
		{F6828A33-0AB0-419E-BF91-DBD603281A20}.Debug|Any CPU.Build.0 = Debug|Any CPU
		{F6828A33-0AB0-419E-BF91-DBD603281A20}.Release|Any CPU.ActiveCfg = Release|Any CPU
		{F6828A33-0AB0-419E-BF91-DBD603281A20}.Release|Any CPU.Build.0 = Release|Any CPU
		{CB4EDEBE-173E-4A72-B9B0-02133D8F630D}.Debug|Any CPU.ActiveCfg = Debug|Any CPU
		{CB4EDEBE-173E-4A72-B9B0-02133D8F630D}.Debug|Any CPU.Build.0 = Debug|Any CPU
		{CB4EDEBE-173E-4A72-B9B0-02133D8F630D}.Release|Any CPU.ActiveCfg = Release|Any CPU
		{CB4EDEBE-173E-4A72-B9B0-02133D8F630D}.Release|Any CPU.Build.0 = Release|Any CPU
		{82B95C77-CBE1-47F1-85CF-C83D85EB3D49}.Debug|Any CPU.ActiveCfg = Debug|Any CPU
		{82B95C77-CBE1-47F1-85CF-C83D85EB3D49}.Debug|Any CPU.Build.0 = Debug|Any CPU
		{82B95C77-CBE1-47F1-85CF-C83D85EB3D49}.Release|Any CPU.ActiveCfg = Release|Any CPU
		{82B95C77-CBE1-47F1-85CF-C83D85EB3D49}.Release|Any CPU.Build.0 = Release|Any CPU
		{43778A9D-D681-4ABD-AB72-B120BDDDFD4F}.Debug|Any CPU.ActiveCfg = Debug|Any CPU
		{43778A9D-D681-4ABD-AB72-B120BDDDFD4F}.Debug|Any CPU.Build.0 = Debug|Any CPU
		{43778A9D-D681-4ABD-AB72-B120BDDDFD4F}.Release|Any CPU.ActiveCfg = Release|Any CPU
		{43778A9D-D681-4ABD-AB72-B120BDDDFD4F}.Release|Any CPU.Build.0 = Release|Any CPU
		{AC98935A-A668-4E7C-AD40-87385E029F3A}.Debug|Any CPU.ActiveCfg = Debug|Any CPU
		{AC98935A-A668-4E7C-AD40-87385E029F3A}.Debug|Any CPU.Build.0 = Debug|Any CPU
		{AC98935A-A668-4E7C-AD40-87385E029F3A}.Release|Any CPU.ActiveCfg = Release|Any CPU
		{AC98935A-A668-4E7C-AD40-87385E029F3A}.Release|Any CPU.Build.0 = Release|Any CPU
		{FBB94847-2682-46D2-A506-38AF64120E77}.Debug|Any CPU.ActiveCfg = Debug|Any CPU
		{FBB94847-2682-46D2-A506-38AF64120E77}.Debug|Any CPU.Build.0 = Debug|Any CPU
		{FBB94847-2682-46D2-A506-38AF64120E77}.Release|Any CPU.ActiveCfg = Release|Any CPU
		{FBB94847-2682-46D2-A506-38AF64120E77}.Release|Any CPU.Build.0 = Release|Any CPU
		{B8319774-E50D-43FA-9A15-C7C6AB24A74E}.Debug|Any CPU.ActiveCfg = Debug|Any CPU
		{B8319774-E50D-43FA-9A15-C7C6AB24A74E}.Debug|Any CPU.Build.0 = Debug|Any CPU
		{B8319774-E50D-43FA-9A15-C7C6AB24A74E}.Release|Any CPU.ActiveCfg = Release|Any CPU
		{B8319774-E50D-43FA-9A15-C7C6AB24A74E}.Release|Any CPU.Build.0 = Release|Any CPU
		{B74F0F45-70EC-41A7-8F23-2D03819E1F4C}.Debug|Any CPU.ActiveCfg = Debug|Any CPU
		{B74F0F45-70EC-41A7-8F23-2D03819E1F4C}.Debug|Any CPU.Build.0 = Debug|Any CPU
		{B74F0F45-70EC-41A7-8F23-2D03819E1F4C}.Release|Any CPU.ActiveCfg = Release|Any CPU
		{B74F0F45-70EC-41A7-8F23-2D03819E1F4C}.Release|Any CPU.Build.0 = Release|Any CPU
		{B3A9789D-A394-490C-A5D1-0F345E75A8EC}.Debug|Any CPU.ActiveCfg = Debug|Any CPU
		{B3A9789D-A394-490C-A5D1-0F345E75A8EC}.Debug|Any CPU.Build.0 = Debug|Any CPU
		{B3A9789D-A394-490C-A5D1-0F345E75A8EC}.Release|Any CPU.ActiveCfg = Release|Any CPU
		{B3A9789D-A394-490C-A5D1-0F345E75A8EC}.Release|Any CPU.Build.0 = Release|Any CPU
	EndGlobalSection
	GlobalSection(SolutionProperties) = preSolution
		HideSolutionNode = FALSE
	EndGlobalSection
	GlobalSection(NestedProjects) = preSolution
		{6C5D6405-03CF-4089-A027-6631A3CACAD7} = {BB97E12D-673D-4958-83B5-7ECE48FE45A4}
		{B085D7BD-E2B8-42E1-8CFB-E3D96A86F9F6} = {BB97E12D-673D-4958-83B5-7ECE48FE45A4}
		{68A8D7C2-70F1-4FDC-ACCC-100335E5CECA} = {BB97E12D-673D-4958-83B5-7ECE48FE45A4}
		{D93A773F-4F07-4568-98CD-6AD33B6AA8A8} = {BB97E12D-673D-4958-83B5-7ECE48FE45A4}
		{047C37E8-EE0E-4A2E-B910-275433CE2316} = {BB97E12D-673D-4958-83B5-7ECE48FE45A4}
		{1C965DCD-3404-4515-9250-3F2B74FB52D1} = {4ABD9915-DADC-4FBF-AD29-E6AB8BEA553F}
		{354547AF-A239-4917-92AC-F4572863684A} = {4ABD9915-DADC-4FBF-AD29-E6AB8BEA553F}
		{7AB7F639-919D-4372-9B58-4714C0CC5E91} = {4ABD9915-DADC-4FBF-AD29-E6AB8BEA553F}
		{22209C0A-D633-46F5-BE8C-9E3F10760D9A} = {4ABD9915-DADC-4FBF-AD29-E6AB8BEA553F}
		{B57C05BF-9E1B-4AEF-B30C-4AC40C613924} = {4ABD9915-DADC-4FBF-AD29-E6AB8BEA553F}
		{F6828A33-0AB0-419E-BF91-DBD603281A20} = {0B042EFD-C2C9-40A0-B777-8BC28B2AE397}
		{CB4EDEBE-173E-4A72-B9B0-02133D8F630D} = {0B042EFD-C2C9-40A0-B777-8BC28B2AE397}
		{82B95C77-CBE1-47F1-85CF-C83D85EB3D49} = {0B042EFD-C2C9-40A0-B777-8BC28B2AE397}
		{43778A9D-D681-4ABD-AB72-B120BDDDFD4F} = {0B042EFD-C2C9-40A0-B777-8BC28B2AE397}
		{AC98935A-A668-4E7C-AD40-87385E029F3A} = {C0D90EB6-E5F3-41A2-A270-D65B6C1B45AE}
		{FBB94847-2682-46D2-A506-38AF64120E77} = {C0D90EB6-E5F3-41A2-A270-D65B6C1B45AE}
		{B8319774-E50D-43FA-9A15-C7C6AB24A74E} = {C0D90EB6-E5F3-41A2-A270-D65B6C1B45AE}
		{B74F0F45-70EC-41A7-8F23-2D03819E1F4C} = {C0D90EB6-E5F3-41A2-A270-D65B6C1B45AE}
		{B3A9789D-A394-490C-A5D1-0F345E75A8EC} = {8527BE05-D409-4441-A402-A1FA535E0DCF}
	EndGlobalSection
	GlobalSection(ExtensibilityGlobals) = postSolution
		SolutionGuid = {C509E504-8B90-4E2B-99F6-1C9D7FFFBAE4}
	EndGlobalSection
EndGlobal
